
Microsoft Visual Studio Solution File, Format Version 12.00
# Visual Studio Version 16
VisualStudioVersion = 16.0.29409.12
MinimumVisualStudioVersion = 10.0.40219.1
Project("{8BC9CEB8-8B4A-11D0-8D11-00A0C91BC942}") = "CS_2A_Foothill_C++_Course", "CS_2A_Foothill_C++_Course\CS_2A_Foothill_C++_Course.vcxproj", "{05C47295-9D84-45B7-A3CF-CD864BE87A54}"
EndProject
Project("{8BC9CEB8-8B4A-11D0-8D11-00A0C91BC942}") = "Assignment1_HelloWorld", "Assignment1_HelloWorld\Assignment1_HelloWorld.vcxproj", "{50398008-5645-4FD6-B704-147FD1E3AEFC}"
EndProject
Project("{8BC9CEB8-8B4A-11D0-8D11-00A0C91BC942}") = "Assignment2_FiveExpressions", "Assignment2_FiveExpressions\Assignment2_FiveExpressions.vcxproj", "{162DD847-CBDC-4E1C-BC1C-236FAF1E7E69}"
EndProject
Project("{8BC9CEB8-8B4A-11D0-8D11-00A0C91BC942}") = "Test", "Test\Test.vcxproj", "{D9CDBDA9-3C79-4A80-99E5-31F0D371882A}"
EndProject
Project("{8BC9CEB8-8B4A-11D0-8D11-00A0C91BC942}") = "LabExercise1_40", "LabExercise1_40\LabExercise1_40.vcxproj", "{65BBB44E-EE19-4302-8C6C-4113C77EBE42}"
EndProject
Project("{8BC9CEB8-8B4A-11D0-8D11-00A0C91BC942}") = "Assignment3_CandyCalculator", "Assignment3_CandyCalculator\Assignment3_CandyCalculator.vcxproj", "{8E9FBD80-E669-40E7-BCF6-43E6BDDBA99D}"
EndProject
Project("{8BC9CEB8-8B4A-11D0-8D11-00A0C91BC942}") = "Assignment4_ChocolateCoupons", "Assignment4_ChocolateCoupons\Assignment4_ChocolateCoupons.vcxproj", "{19A2E7E1-9D35-480A-ADC5-195B95FC0A61}"
EndProject
Project("{8BC9CEB8-8B4A-11D0-8D11-00A0C91BC942}") = "Assignment5_TextProcessing", "Assignment5_TextProcessing\Assignment5_TextProcessing.vcxproj", "{25ACFBC5-4873-45A7-B797-2F4C4E15D14A}"
EndProject
Project("{8BC9CEB8-8B4A-11D0-8D11-00A0C91BC942}") = "LabExercise3_33", "LabExercise3_33\LabExercise3_33.vcxproj", "{DD15037C-5C12-4C5B-98BF-3253B35231D5}"
EndProject
Project("{8BC9CEB8-8B4A-11D0-8D11-00A0C91BC942}") = "Assignment6_GuessingGame", "Assignment6_GuessingGame\Assignment6_GuessingGame.vcxproj", "{E68C18FA-99CE-4C47-8041-552DB7564B94}"
EndProject
Project("{8BC9CEB8-8B4A-11D0-8D11-00A0C91BC942}") = "Midterm_30", "Midterm_30\Midterm_30.vcxproj", "{29E120B3-DCA8-4D80-9736-5634C1F72F88}"
EndProject
Project("{8BC9CEB8-8B4A-11D0-8D11-00A0C91BC942}") = "Assignment7_TripleString", "Assignment7_TripleString\Assignment7_TripleString.vcxproj", "{02D7CA95-DA60-4EC6-BD17-10EA4A9E1FFE}"
EndProject
Global
	GlobalSection(SolutionConfigurationPlatforms) = preSolution
		Debug|Any CPU = Debug|Any CPU
		Debug|x64 = Debug|x64
		Debug|x86 = Debug|x86
		Release|Any CPU = Release|Any CPU
		Release|x64 = Release|x64
		Release|x86 = Release|x86
	EndGlobalSection
	GlobalSection(ProjectConfigurationPlatforms) = postSolution
		{05C47295-9D84-45B7-A3CF-CD864BE87A54}.Debug|Any CPU.ActiveCfg = Debug|Win32
		{05C47295-9D84-45B7-A3CF-CD864BE87A54}.Debug|x64.ActiveCfg = Debug|x64
		{05C47295-9D84-45B7-A3CF-CD864BE87A54}.Debug|x64.Build.0 = Debug|x64
		{05C47295-9D84-45B7-A3CF-CD864BE87A54}.Debug|x86.ActiveCfg = Debug|Win32
		{05C47295-9D84-45B7-A3CF-CD864BE87A54}.Debug|x86.Build.0 = Debug|Win32
		{05C47295-9D84-45B7-A3CF-CD864BE87A54}.Release|Any CPU.ActiveCfg = Release|Win32
		{05C47295-9D84-45B7-A3CF-CD864BE87A54}.Release|x64.ActiveCfg = Release|x64
		{05C47295-9D84-45B7-A3CF-CD864BE87A54}.Release|x64.Build.0 = Release|x64
		{05C47295-9D84-45B7-A3CF-CD864BE87A54}.Release|x86.ActiveCfg = Release|Win32
		{05C47295-9D84-45B7-A3CF-CD864BE87A54}.Release|x86.Build.0 = Release|Win32
		{50398008-5645-4FD6-B704-147FD1E3AEFC}.Debug|Any CPU.ActiveCfg = Debug|Win32
		{50398008-5645-4FD6-B704-147FD1E3AEFC}.Debug|x64.ActiveCfg = Debug|x64
		{50398008-5645-4FD6-B704-147FD1E3AEFC}.Debug|x64.Build.0 = Debug|x64
		{50398008-5645-4FD6-B704-147FD1E3AEFC}.Debug|x86.ActiveCfg = Debug|Win32
		{50398008-5645-4FD6-B704-147FD1E3AEFC}.Debug|x86.Build.0 = Debug|Win32
		{50398008-5645-4FD6-B704-147FD1E3AEFC}.Release|Any CPU.ActiveCfg = Release|Win32
		{50398008-5645-4FD6-B704-147FD1E3AEFC}.Release|x64.ActiveCfg = Release|x64
		{50398008-5645-4FD6-B704-147FD1E3AEFC}.Release|x64.Build.0 = Release|x64
		{50398008-5645-4FD6-B704-147FD1E3AEFC}.Release|x86.ActiveCfg = Release|Win32
		{50398008-5645-4FD6-B704-147FD1E3AEFC}.Release|x86.Build.0 = Release|Win32
		{162DD847-CBDC-4E1C-BC1C-236FAF1E7E69}.Debug|Any CPU.ActiveCfg = Debug|Win32
		{162DD847-CBDC-4E1C-BC1C-236FAF1E7E69}.Debug|x64.ActiveCfg = Debug|x64
		{162DD847-CBDC-4E1C-BC1C-236FAF1E7E69}.Debug|x64.Build.0 = Debug|x64
		{162DD847-CBDC-4E1C-BC1C-236FAF1E7E69}.Debug|x86.ActiveCfg = Debug|Win32
		{162DD847-CBDC-4E1C-BC1C-236FAF1E7E69}.Debug|x86.Build.0 = Debug|Win32
		{162DD847-CBDC-4E1C-BC1C-236FAF1E7E69}.Release|Any CPU.ActiveCfg = Release|Win32
		{162DD847-CBDC-4E1C-BC1C-236FAF1E7E69}.Release|x64.ActiveCfg = Release|x64
		{162DD847-CBDC-4E1C-BC1C-236FAF1E7E69}.Release|x64.Build.0 = Release|x64
		{162DD847-CBDC-4E1C-BC1C-236FAF1E7E69}.Release|x86.ActiveCfg = Release|Win32
		{162DD847-CBDC-4E1C-BC1C-236FAF1E7E69}.Release|x86.Build.0 = Release|Win32
		{D9CDBDA9-3C79-4A80-99E5-31F0D371882A}.Debug|Any CPU.ActiveCfg = Debug|Win32
		{D9CDBDA9-3C79-4A80-99E5-31F0D371882A}.Debug|x64.ActiveCfg = Debug|x64
		{D9CDBDA9-3C79-4A80-99E5-31F0D371882A}.Debug|x64.Build.0 = Debug|x64
		{D9CDBDA9-3C79-4A80-99E5-31F0D371882A}.Debug|x86.ActiveCfg = Debug|Win32
		{D9CDBDA9-3C79-4A80-99E5-31F0D371882A}.Debug|x86.Build.0 = Debug|Win32
		{D9CDBDA9-3C79-4A80-99E5-31F0D371882A}.Release|Any CPU.ActiveCfg = Release|Win32
		{D9CDBDA9-3C79-4A80-99E5-31F0D371882A}.Release|x64.ActiveCfg = Release|x64
		{D9CDBDA9-3C79-4A80-99E5-31F0D371882A}.Release|x64.Build.0 = Release|x64
		{D9CDBDA9-3C79-4A80-99E5-31F0D371882A}.Release|x86.ActiveCfg = Release|Win32
		{D9CDBDA9-3C79-4A80-99E5-31F0D371882A}.Release|x86.Build.0 = Release|Win32
		{65BBB44E-EE19-4302-8C6C-4113C77EBE42}.Debug|Any CPU.ActiveCfg = Debug|Win32
		{65BBB44E-EE19-4302-8C6C-4113C77EBE42}.Debug|x64.ActiveCfg = Debug|x64
		{65BBB44E-EE19-4302-8C6C-4113C77EBE42}.Debug|x64.Build.0 = Debug|x64
		{65BBB44E-EE19-4302-8C6C-4113C77EBE42}.Debug|x86.ActiveCfg = Debug|Win32
		{65BBB44E-EE19-4302-8C6C-4113C77EBE42}.Debug|x86.Build.0 = Debug|Win32
		{65BBB44E-EE19-4302-8C6C-4113C77EBE42}.Release|Any CPU.ActiveCfg = Release|Win32
		{65BBB44E-EE19-4302-8C6C-4113C77EBE42}.Release|x64.ActiveCfg = Release|x64
		{65BBB44E-EE19-4302-8C6C-4113C77EBE42}.Release|x64.Build.0 = Release|x64
		{65BBB44E-EE19-4302-8C6C-4113C77EBE42}.Release|x86.ActiveCfg = Release|Win32
		{65BBB44E-EE19-4302-8C6C-4113C77EBE42}.Release|x86.Build.0 = Release|Win32
		{8E9FBD80-E669-40E7-BCF6-43E6BDDBA99D}.Debug|Any CPU.ActiveCfg = Debug|Win32
		{8E9FBD80-E669-40E7-BCF6-43E6BDDBA99D}.Debug|x64.ActiveCfg = Debug|x64
		{8E9FBD80-E669-40E7-BCF6-43E6BDDBA99D}.Debug|x64.Build.0 = Debug|x64
		{8E9FBD80-E669-40E7-BCF6-43E6BDDBA99D}.Debug|x86.ActiveCfg = Debug|Win32
		{8E9FBD80-E669-40E7-BCF6-43E6BDDBA99D}.Debug|x86.Build.0 = Debug|Win32
		{8E9FBD80-E669-40E7-BCF6-43E6BDDBA99D}.Release|Any CPU.ActiveCfg = Release|Win32
		{8E9FBD80-E669-40E7-BCF6-43E6BDDBA99D}.Release|x64.ActiveCfg = Release|x64
		{8E9FBD80-E669-40E7-BCF6-43E6BDDBA99D}.Release|x64.Build.0 = Release|x64
		{8E9FBD80-E669-40E7-BCF6-43E6BDDBA99D}.Release|x86.ActiveCfg = Release|Win32
		{8E9FBD80-E669-40E7-BCF6-43E6BDDBA99D}.Release|x86.Build.0 = Release|Win32
		{19A2E7E1-9D35-480A-ADC5-195B95FC0A61}.Debug|Any CPU.ActiveCfg = Debug|Win32
		{19A2E7E1-9D35-480A-ADC5-195B95FC0A61}.Debug|x64.ActiveCfg = Debug|x64
		{19A2E7E1-9D35-480A-ADC5-195B95FC0A61}.Debug|x64.Build.0 = Debug|x64
		{19A2E7E1-9D35-480A-ADC5-195B95FC0A61}.Debug|x86.ActiveCfg = Debug|Win32
		{19A2E7E1-9D35-480A-ADC5-195B95FC0A61}.Debug|x86.Build.0 = Debug|Win32
		{19A2E7E1-9D35-480A-ADC5-195B95FC0A61}.Release|Any CPU.ActiveCfg = Release|Win32
		{19A2E7E1-9D35-480A-ADC5-195B95FC0A61}.Release|x64.ActiveCfg = Release|x64
		{19A2E7E1-9D35-480A-ADC5-195B95FC0A61}.Release|x64.Build.0 = Release|x64
		{19A2E7E1-9D35-480A-ADC5-195B95FC0A61}.Release|x86.ActiveCfg = Release|Win32
		{19A2E7E1-9D35-480A-ADC5-195B95FC0A61}.Release|x86.Build.0 = Release|Win32
		{25ACFBC5-4873-45A7-B797-2F4C4E15D14A}.Debug|Any CPU.ActiveCfg = Debug|Win32
		{25ACFBC5-4873-45A7-B797-2F4C4E15D14A}.Debug|x64.ActiveCfg = Debug|x64
		{25ACFBC5-4873-45A7-B797-2F4C4E15D14A}.Debug|x64.Build.0 = Debug|x64
		{25ACFBC5-4873-45A7-B797-2F4C4E15D14A}.Debug|x86.ActiveCfg = Debug|Win32
		{25ACFBC5-4873-45A7-B797-2F4C4E15D14A}.Debug|x86.Build.0 = Debug|Win32
		{25ACFBC5-4873-45A7-B797-2F4C4E15D14A}.Release|Any CPU.ActiveCfg = Release|Win32
		{25ACFBC5-4873-45A7-B797-2F4C4E15D14A}.Release|x64.ActiveCfg = Release|x64
		{25ACFBC5-4873-45A7-B797-2F4C4E15D14A}.Release|x64.Build.0 = Release|x64
		{25ACFBC5-4873-45A7-B797-2F4C4E15D14A}.Release|x86.ActiveCfg = Release|Win32
		{25ACFBC5-4873-45A7-B797-2F4C4E15D14A}.Release|x86.Build.0 = Release|Win32
		{DD15037C-5C12-4C5B-98BF-3253B35231D5}.Debug|Any CPU.ActiveCfg = Debug|Win32
		{DD15037C-5C12-4C5B-98BF-3253B35231D5}.Debug|x64.ActiveCfg = Debug|x64
		{DD15037C-5C12-4C5B-98BF-3253B35231D5}.Debug|x64.Build.0 = Debug|x64
		{DD15037C-5C12-4C5B-98BF-3253B35231D5}.Debug|x86.ActiveCfg = Debug|Win32
		{DD15037C-5C12-4C5B-98BF-3253B35231D5}.Debug|x86.Build.0 = Debug|Win32
		{DD15037C-5C12-4C5B-98BF-3253B35231D5}.Release|Any CPU.ActiveCfg = Release|Win32
		{DD15037C-5C12-4C5B-98BF-3253B35231D5}.Release|x64.ActiveCfg = Release|x64
		{DD15037C-5C12-4C5B-98BF-3253B35231D5}.Release|x64.Build.0 = Release|x64
		{DD15037C-5C12-4C5B-98BF-3253B35231D5}.Release|x86.ActiveCfg = Release|Win32
		{DD15037C-5C12-4C5B-98BF-3253B35231D5}.Release|x86.Build.0 = Release|Win32
		{E68C18FA-99CE-4C47-8041-552DB7564B94}.Debug|Any CPU.ActiveCfg = Debug|Win32
		{E68C18FA-99CE-4C47-8041-552DB7564B94}.Debug|x64.ActiveCfg = Debug|x64
		{E68C18FA-99CE-4C47-8041-552DB7564B94}.Debug|x64.Build.0 = Debug|x64
		{E68C18FA-99CE-4C47-8041-552DB7564B94}.Debug|x86.ActiveCfg = Debug|Win32
		{E68C18FA-99CE-4C47-8041-552DB7564B94}.Debug|x86.Build.0 = Debug|Win32
		{E68C18FA-99CE-4C47-8041-552DB7564B94}.Release|Any CPU.ActiveCfg = Release|Win32
		{E68C18FA-99CE-4C47-8041-552DB7564B94}.Release|x64.ActiveCfg = Release|x64
		{E68C18FA-99CE-4C47-8041-552DB7564B94}.Release|x64.Build.0 = Release|x64
		{E68C18FA-99CE-4C47-8041-552DB7564B94}.Release|x86.ActiveCfg = Release|Win32
		{E68C18FA-99CE-4C47-8041-552DB7564B94}.Release|x86.Build.0 = Release|Win32
		{29E120B3-DCA8-4D80-9736-5634C1F72F88}.Debug|Any CPU.ActiveCfg = Debug|Win32
		{29E120B3-DCA8-4D80-9736-5634C1F72F88}.Debug|x64.ActiveCfg = Debug|x64
		{29E120B3-DCA8-4D80-9736-5634C1F72F88}.Debug|x64.Build.0 = Debug|x64
		{29E120B3-DCA8-4D80-9736-5634C1F72F88}.Debug|x86.ActiveCfg = Debug|Win32
		{29E120B3-DCA8-4D80-9736-5634C1F72F88}.Debug|x86.Build.0 = Debug|Win32
		{29E120B3-DCA8-4D80-9736-5634C1F72F88}.Release|Any CPU.ActiveCfg = Release|Win32
		{29E120B3-DCA8-4D80-9736-5634C1F72F88}.Release|x64.ActiveCfg = Release|x64
		{29E120B3-DCA8-4D80-9736-5634C1F72F88}.Release|x64.Build.0 = Release|x64
		{29E120B3-DCA8-4D80-9736-5634C1F72F88}.Release|x86.ActiveCfg = Release|Win32
		{29E120B3-DCA8-4D80-9736-5634C1F72F88}.Release|x86.Build.0 = Release|Win32
		{02D7CA95-DA60-4EC6-BD17-10EA4A9E1FFE}.Debug|Any CPU.ActiveCfg = Debug|Win32
		{02D7CA95-DA60-4EC6-BD17-10EA4A9E1FFE}.Debug|x64.ActiveCfg = Debug|x64
		{02D7CA95-DA60-4EC6-BD17-10EA4A9E1FFE}.Debug|x64.Build.0 = Debug|x64
		{02D7CA95-DA60-4EC6-BD17-10EA4A9E1FFE}.Debug|x86.ActiveCfg = Debug|Win32
		{02D7CA95-DA60-4EC6-BD17-10EA4A9E1FFE}.Debug|x86.Build.0 = Debug|Win32
		{02D7CA95-DA60-4EC6-BD17-10EA4A9E1FFE}.Release|Any CPU.ActiveCfg = Release|Win32
		{02D7CA95-DA60-4EC6-BD17-10EA4A9E1FFE}.Release|x64.ActiveCfg = Release|x64
		{02D7CA95-DA60-4EC6-BD17-10EA4A9E1FFE}.Release|x64.Build.0 = Release|x64
		{02D7CA95-DA60-4EC6-BD17-10EA4A9E1FFE}.Release|x86.ActiveCfg = Release|Win32
		{02D7CA95-DA60-4EC6-BD17-10EA4A9E1FFE}.Release|x86.Build.0 = Release|Win32
	EndGlobalSection
	GlobalSection(SolutionProperties) = preSolution
		HideSolutionNode = FALSE
	EndGlobalSection
	GlobalSection(ExtensibilityGlobals) = postSolution
		SolutionGuid = {C1712CD6-F676-46AE-A7B5-7169CF5C235E}
	EndGlobalSection
EndGlobal
